
Microsoft Visual Studio Solution File, Format Version 12.00
# Visual Studio Version 17
VisualStudioVersion = 17.11.35222.181
MinimumVisualStudioVersion = 10.0.40219.1
Project("{8BC9CEB8-8B4A-11D0-8D11-00A0C91BC942}") = "AccelerationInterface", "AccelerationInterface.vcxproj", "{A7A8E4C2-2184-44F5-810C-C3A117DDF054}"
EndProject
Global
	GlobalSection(SolutionConfigurationPlatforms) = preSolution
		Debug|x64 = Debug|x64
		Debug|x86 = Debug|x86
		Release|x64 = Release|x64
		Release|x86 = Release|x86
	EndGlobalSection
	GlobalSection(ProjectConfigurationPlatforms) = postSolution
		{A7A8E4C2-2184-44F5-810C-C3A117DDF054}.Debug|x64.ActiveCfg = Debug|x64
		{A7A8E4C2-2184-44F5-810C-C3A117DDF054}.Debug|x64.Build.0 = Debug|x64
		{A7A8E4C2-2184-44F5-810C-C3A117DDF054}.Debug|x86.ActiveCfg = Debug|Win32
		{A7A8E4C2-2184-44F5-810C-C3A117DDF054}.Debug|x86.Build.0 = Debug|Win32
		{A7A8E4C2-2184-44F5-810C-C3A117DDF054}.Release|x64.ActiveCfg = Release|x64
		{A7A8E4C2-2184-44F5-810C-C3A117DDF054}.Release|x64.Build.0 = Release|x64
		{A7A8E4C2-2184-44F5-810C-C3A117DDF054}.Release|x86.ActiveCfg = Release|Win32
		{A7A8E4C2-2184-44F5-810C-C3A117DDF054}.Release|x86.Build.0 = Release|Win32
	EndGlobalSection
	GlobalSection(SolutionProperties) = preSolution
		HideSolutionNode = FALSE
	EndGlobalSection
	GlobalSection(ExtensibilityGlobals) = postSolution
		SolutionGuid = {769F9E8B-0A03-4314-980F-E99ED7182452}
	EndGlobalSection
EndGlobal
